
Microsoft Visual Studio Solution File, Format Version 12.00
# Visual Studio Version 16
VisualStudioVersion = 16.0.30517.126
MinimumVisualStudioVersion = 10.0.40219.1
Project("{FAE04EC0-301F-11D3-BF4B-00C04F79EFBC}") = "CopsAndRobbers", "CopsAndRobbers\CopsAndRobbers.csproj", "{04418738-E458-4A49-9CCB-1D4575F7275D}"
EndProject
Project("{2150E333-8FDC-42A3-9474-1A3956D46DE8}") = "Solution Items", "Solution Items", "{FDE8680D-B9AF-4B59-8F82-3582C95B4663}"
	ProjectSection(SolutionItems) = preProject
		.editorconfig = .editorconfig
	EndProjectSection
EndProject
Global
	GlobalSection(SolutionConfigurationPlatforms) = preSolution
		Debug|Any CPU = Debug|Any CPU
		Release|Any CPU = Release|Any CPU
	EndGlobalSection
	GlobalSection(ProjectConfigurationPlatforms) = postSolution
		{04418738-E458-4A49-9CCB-1D4575F7275D}.Debug|Any CPU.ActiveCfg = Debug|Any CPU
		{04418738-E458-4A49-9CCB-1D4575F7275D}.Debug|Any CPU.Build.0 = Debug|Any CPU
		{04418738-E458-4A49-9CCB-1D4575F7275D}.Release|Any CPU.ActiveCfg = Release|Any CPU
		{04418738-E458-4A49-9CCB-1D4575F7275D}.Release|Any CPU.Build.0 = Release|Any CPU
	EndGlobalSection
	GlobalSection(SolutionProperties) = preSolution
		HideSolutionNode = FALSE
	EndGlobalSection
	GlobalSection(ExtensibilityGlobals) = postSolution
		SolutionGuid = {3C3183AC-938A-4E9F-93C7-E3631DD7211F}
	EndGlobalSection
EndGlobal
